
Microsoft Visual Studio Solution File, Format Version 12.00
# Visual Studio 2013
VisualStudioVersion = 12.0.31101.0
MinimumVisualStudioVersion = 10.0.40219.1
Project("{2150E333-8FDC-42A3-9474-1A3956D46DE8}") = "Dominio", "Dominio", "{DFA66C65-C1F1-493F-A976-6DAF7C9239BF}"
EndProject
Project("{FAE04EC0-301F-11D3-BF4B-00C04F79EFBC}") = "DDD.Dominio", "DDD.Dominio\DDD.Dominio.csproj", "{20760E6B-5C05-49E7-9CF5-5C4E0C3F5AC8}"
EndProject
Project("{2150E333-8FDC-42A3-9474-1A3956D46DE8}") = "Infra", "Infra", "{7B5951E3-EA88-4B4B-8E12-E91B46D6277E}"
EndProject
Project("{FAE04EC0-301F-11D3-BF4B-00C04F79EFBC}") = "DDD.Infra", "DDD.Infra\DDD.Infra.csproj", "{E10A322A-9D34-4EFE-AFC1-6DB29B5F8578}"
EndProject
Global
	GlobalSection(SolutionConfigurationPlatforms) = preSolution
		Debug|Any CPU = Debug|Any CPU
		Release|Any CPU = Release|Any CPU
	EndGlobalSection
	GlobalSection(ProjectConfigurationPlatforms) = postSolution
		{20760E6B-5C05-49E7-9CF5-5C4E0C3F5AC8}.Debug|Any CPU.ActiveCfg = Debug|Any CPU
		{20760E6B-5C05-49E7-9CF5-5C4E0C3F5AC8}.Debug|Any CPU.Build.0 = Debug|Any CPU
		{20760E6B-5C05-49E7-9CF5-5C4E0C3F5AC8}.Release|Any CPU.ActiveCfg = Release|Any CPU
		{20760E6B-5C05-49E7-9CF5-5C4E0C3F5AC8}.Release|Any CPU.Build.0 = Release|Any CPU
		{E10A322A-9D34-4EFE-AFC1-6DB29B5F8578}.Debug|Any CPU.ActiveCfg = Debug|Any CPU
		{E10A322A-9D34-4EFE-AFC1-6DB29B5F8578}.Debug|Any CPU.Build.0 = Debug|Any CPU
		{E10A322A-9D34-4EFE-AFC1-6DB29B5F8578}.Release|Any CPU.ActiveCfg = Release|Any CPU
		{E10A322A-9D34-4EFE-AFC1-6DB29B5F8578}.Release|Any CPU.Build.0 = Release|Any CPU
	EndGlobalSection
	GlobalSection(SolutionProperties) = preSolution
		HideSolutionNode = FALSE
	EndGlobalSection
	GlobalSection(NestedProjects) = preSolution
		{20760E6B-5C05-49E7-9CF5-5C4E0C3F5AC8} = {DFA66C65-C1F1-493F-A976-6DAF7C9239BF}
		{E10A322A-9D34-4EFE-AFC1-6DB29B5F8578} = {7B5951E3-EA88-4B4B-8E12-E91B46D6277E}
	EndGlobalSection
EndGlobal
